
Microsoft Visual Studio Solution File, Format Version 12.00
# Visual Studio Version 16
VisualStudioVersion = 16.0.31515.178
MinimumVisualStudioVersion = 10.0.40219.1
Project("{888888A0-9F3D-457C-B088-3A5042F75D52}") = "InvoiceLineItemCalculatorLab", "InvoiceLineItemCalculatorLab\InvoiceLineItemCalculatorLab.pyproj", "{068C3533-811A-4A94-B2DC-8564E6402161}"
EndProject
Global
	GlobalSection(SolutionConfigurationPlatforms) = preSolution
		Debug|Any CPU = Debug|Any CPU
		Release|Any CPU = Release|Any CPU
	EndGlobalSection
	GlobalSection(ProjectConfigurationPlatforms) = postSolution
		{068C3533-811A-4A94-B2DC-8564E6402161}.Debug|Any CPU.ActiveCfg = Debug|Any CPU
		{068C3533-811A-4A94-B2DC-8564E6402161}.Release|Any CPU.ActiveCfg = Release|Any CPU
	EndGlobalSection
	GlobalSection(SolutionProperties) = preSolution
		HideSolutionNode = FALSE
	EndGlobalSection
	GlobalSection(ExtensibilityGlobals) = postSolution
		SolutionGuid = {CE951FFB-8789-4B44-A509-E53E674E31C4}
	EndGlobalSection
EndGlobal
